// !$*UTF8*$!
{
	archiveVersion = 1;
	classes = {
	};
	objectVersion = 46;
	objects = {

/* Begin PBXBuildFile section */
		2F85A80C1947F35200664182 /* Foundation.framework in Frameworks */ = {isa = PBXBuildFile; fileRef = 2F85A80B1947F35200664182 /* Foundation.framework */; };
		2F85A80E1947F35200664182 /* CoreGraphics.framework in Frameworks */ = {isa = PBXBuildFile; fileRef = 2F85A80D1947F35200664182 /* CoreGraphics.framework */; };
		2F85A8101947F35200664182 /* UIKit.framework in Frameworks */ = {isa = PBXBuildFile; fileRef = 2F85A80F1947F35200664182 /* UIKit.framework */; };
		2F85A8161947F35200664182 /* InfoPlist.strings in Resources */ = {isa = PBXBuildFile; fileRef = 2F85A8141947F35200664182 /* InfoPlist.strings */; };
		2F85A8181947F35200664182 /* main.m in Sources */ = {isa = PBXBuildFile; fileRef = 2F85A8171947F35200664182 /* main.m */; };
		2F85A81C1947F35200664182 /* VSRAppDelegate.m in Sources */ = {isa = PBXBuildFile; fileRef = 2F85A81B1947F35200664182 /* VSRAppDelegate.m */; };
		2F85A81F1947F35200664182 /* Main_iPhone.storyboard in Resources */ = {isa = PBXBuildFile; fileRef = 2F85A81D1947F35200664182 /* Main_iPhone.storyboard */; };
		2F85A8221947F35200664182 /* Main_iPad.storyboard in Resources */ = {isa = PBXBuildFile; fileRef = 2F85A8201947F35200664182 /* Main_iPad.storyboard */; };
		2F85A8251947F35200664182 /* VSRViewController.m in Sources */ = {isa = PBXBuildFile; fileRef = 2F85A8241947F35200664182 /* VSRViewController.m */; };
		2F85A8271947F35200664182 /* Images.xcassets in Resources */ = {isa = PBXBuildFile; fileRef = 2F85A8261947F35200664182 /* Images.xcassets */; };
		2F85A82E1947F35200664182 /* XCTest.framework in Frameworks */ = {isa = PBXBuildFile; fileRef = 2F85A82D1947F35200664182 /* XCTest.framework */; };
		2F85A82F1947F35200664182 /* Foundation.framework in Frameworks */ = {isa = PBXBuildFile; fileRef = 2F85A80B1947F35200664182 /* Foundation.framework */; };
		2F85A8301947F35200664182 /* UIKit.framework in Frameworks */ = {isa = PBXBuildFile; fileRef = 2F85A80F1947F35200664182 /* UIKit.framework */; };
		2F85A8381947F35200664182 /* InfoPlist.strings in Resources */ = {isa = PBXBuildFile; fileRef = 2F85A8361947F35200664182 /* InfoPlist.strings */; };
		2F85A83A1947F35200664182 /* VisorTests.m in Sources */ = {isa = PBXBuildFile; fileRef = 2F85A8391947F35200664182 /* VisorTests.m */; };
/* End PBXBuildFile section */

/* Begin PBXContainerItemProxy section */
		2F85A8311947F35200664182 /* PBXContainerItemProxy */ = {
			isa = PBXContainerItemProxy;
			containerPortal = 2F85A8001947F35200664182 /* Project object */;
			proxyType = 1;
			remoteGlobalIDString = 2F85A8071947F35200664182;
			remoteInfo = Visor;
		};
/* End PBXContainerItemProxy section */

/* Begin PBXFileReference section */
		2F85A8081947F35200664182 /* Visor.app */ = {isa = PBXFileReference; explicitFileType = wrapper.application; includeInIndex = 0; path = Visor.app; sourceTree = BUILT_PRODUCTS_DIR; };
		2F85A80B1947F35200664182 /* Foundation.framework */ = {isa = PBXFileReference; lastKnownFileType = wrapper.framework; name = Foundation.framework; path = System/Library/Frameworks/Foundation.framework; sourceTree = SDKROOT; };
		2F85A80D1947F35200664182 /* CoreGraphics.framework */ = {isa = PBXFileReference; lastKnownFileType = wrapper.framework; name = CoreGraphics.framework; path = System/Library/Frameworks/CoreGraphics.framework; sourceTree = SDKROOT; };
		2F85A80F1947F35200664182 /* UIKit.framework */ = {isa = PBXFileReference; lastKnownFileType = wrapper.framework; name = UIKit.framework; path = System/Library/Frameworks/UIKit.framework; sourceTree = SDKROOT; };
		2F85A8131947F35200664182 /* Visor-Info.plist */ = {isa = PBXFileReference; lastKnownFileType = text.plist.xml; path = "Visor-Info.plist"; sourceTree = "<group>"; };
		2F85A8151947F35200664182 /* en */ = {isa = PBXFileReference; lastKnownFileType = text.plist.strings; name = en; path = en.lproj/InfoPlist.strings; sourceTree = "<group>"; };
		2F85A8171947F35200664182 /* main.m */ = {isa = PBXFileReference; lastKnownFileType = sourcecode.c.objc; path = main.m; sourceTree = "<group>"; };
		2F85A8191947F35200664182 /* Visor-Prefix.pch */ = {isa = PBXFileReference; lastKnownFileType = sourcecode.c.h; path = "Visor-Prefix.pch"; sourceTree = "<group>"; };
		2F85A81A1947F35200664182 /* VSRAppDelegate.h */ = {isa = PBXFileReference; lastKnownFileType = sourcecode.c.h; path = VSRAppDelegate.h; sourceTree = "<group>"; };
		2F85A81B1947F35200664182 /* VSRAppDelegate.m */ = {isa = PBXFileReference; lastKnownFileType = sourcecode.c.objc; path = VSRAppDelegate.m; sourceTree = "<group>"; };
		2F85A81E1947F35200664182 /* Base */ = {isa = PBXFileReference; lastKnownFileType = file.storyboard; name = Base; path = Base.lproj/Main_iPhone.storyboard; sourceTree = "<group>"; };
		2F85A8211947F35200664182 /* Base */ = {isa = PBXFileReference; lastKnownFileType = file.storyboard; name = Base; path = Base.lproj/Main_iPad.storyboard; sourceTree = "<group>"; };
		2F85A8231947F35200664182 /* VSRViewController.h */ = {isa = PBXFileReference; lastKnownFileType = sourcecode.c.h; path = VSRViewController.h; sourceTree = "<group>"; };
		2F85A8241947F35200664182 /* VSRViewController.m */ = {isa = PBXFileReference; lastKnownFileType = sourcecode.c.objc; path = VSRViewController.m; sourceTree = "<group>"; };
		2F85A8261947F35200664182 /* Images.xcassets */ = {isa = PBXFileReference; lastKnownFileType = folder.assetcatalog; path = Images.xcassets; sourceTree = "<group>"; };
		2F85A82C1947F35200664182 /* VisorTests.xctest */ = {isa = PBXFileReference; explicitFileType = wrapper.cfbundle; includeInIndex = 0; path = VisorTests.xctest; sourceTree = BUILT_PRODUCTS_DIR; };
		2F85A82D1947F35200664182 /* XCTest.framework */ = {isa = PBXFileReference; lastKnownFileType = wrapper.framework; name = XCTest.framework; path = Library/Frameworks/XCTest.framework; sourceTree = DEVELOPER_DIR; };
		2F85A8351947F35200664182 /* VisorTests-Info.plist */ = {isa = PBXFileReference; lastKnownFileType = text.plist.xml; path = "VisorTests-Info.plist"; sourceTree = "<group>"; };
		2F85A8371947F35200664182 /* en */ = {isa = PBXFileReference; lastKnownFileType = text.plist.strings; name = en; path = en.lproj/InfoPlist.strings; sourceTree = "<group>"; };
		2F85A8391947F35200664182 /* VisorTests.m */ = {isa = PBXFileReference; lastKnownFileType = sourcecode.c.objc; path = VisorTests.m; sourceTree = "<group>"; };
/* End PBXFileReference section */

/* Begin PBXFrameworksBuildPhase section */
		2F85A8051947F35200664182 /* Frameworks */ = {
			isa = PBXFrameworksBuildPhase;
			buildActionMask = 2147483647;
			files = (
				2F85A80E1947F35200664182 /* CoreGraphics.framework in Frameworks */,
				2F85A8101947F35200664182 /* UIKit.framework in Frameworks */,
				2F85A80C1947F35200664182 /* Foundation.framework in Frameworks */,
			);
			runOnlyForDeploymentPostprocessing = 0;
		};
		2F85A8291947F35200664182 /* Frameworks */ = {
			isa = PBXFrameworksBuildPhase;
			buildActionMask = 2147483647;
			files = (
				2F85A82E1947F35200664182 /* XCTest.framework in Frameworks */,
				2F85A8301947F35200664182 /* UIKit.framework in Frameworks */,
				2F85A82F1947F35200664182 /* Foundation.framework in Frameworks */,
			);
			runOnlyForDeploymentPostprocessing = 0;
		};
/* End PBXFrameworksBuildPhase section */

/* Begin PBXGroup section */
		2F85A7FF1947F35200664182 = {
			isa = PBXGroup;
			children = (
				2F85A8111947F35200664182 /* Visor */,
				2F85A8331947F35200664182 /* VisorTests */,
				2F85A80A1947F35200664182 /* Frameworks */,
				2F85A8091947F35200664182 /* Products */,
			);
			sourceTree = "<group>";
		};
		2F85A8091947F35200664182 /* Products */ = {
			isa = PBXGroup;
			children = (
				2F85A8081947F35200664182 /* Visor.app */,
				2F85A82C1947F35200664182 /* VisorTests.xctest */,
			);
			name = Products;
			sourceTree = "<group>";
		};
		2F85A80A1947F35200664182 /* Frameworks */ = {
			isa = PBXGroup;
			children = (
				2F85A80B1947F35200664182 /* Foundation.framework */,
				2F85A80D1947F35200664182 /* CoreGraphics.framework */,
				2F85A80F1947F35200664182 /* UIKit.framework */,
				2F85A82D1947F35200664182 /* XCTest.framework */,
			);
			name = Frameworks;
			sourceTree = "<group>";
		};
		2F85A8111947F35200664182 /* Visor */ = {
			isa = PBXGroup;
			children = (
				2F85A81A1947F35200664182 /* VSRAppDelegate.h */,
				2F85A81B1947F35200664182 /* VSRAppDelegate.m */,
				2F85A81D1947F35200664182 /* Main_iPhone.storyboard */,
				2F85A8201947F35200664182 /* Main_iPad.storyboard */,
				2F85A8231947F35200664182 /* VSRViewController.h */,
				2F85A8241947F35200664182 /* VSRViewController.m */,
				2F85A8261947F35200664182 /* Images.xcassets */,
				2F85A8121947F35200664182 /* Supporting Files */,
			);
			path = Visor;
			sourceTree = "<group>";
		};
		2F85A8121947F35200664182 /* Supporting Files */ = {
			isa = PBXGroup;
			children = (
				2F85A8131947F35200664182 /* Visor-Info.plist */,
				2F85A8141947F35200664182 /* InfoPlist.strings */,
				2F85A8171947F35200664182 /* main.m */,
				2F85A8191947F35200664182 /* Visor-Prefix.pch */,
			);
			name = "Supporting Files";
			sourceTree = "<group>";
		};
		2F85A8331947F35200664182 /* VisorTests */ = {
			isa = PBXGroup;
			children = (
				2F85A8391947F35200664182 /* VisorTests.m */,
				2F85A8341947F35200664182 /* Supporting Files */,
			);
			path = VisorTests;
			sourceTree = "<group>";
		};
		2F85A8341947F35200664182 /* Supporting Files */ = {
			isa = PBXGroup;
			children = (
				2F85A8351947F35200664182 /* VisorTests-Info.plist */,
				2F85A8361947F35200664182 /* InfoPlist.strings */,
			);
			name = "Supporting Files";
			sourceTree = "<group>";
		};
/* End PBXGroup section */

/* Begin PBXNativeTarget section */
		2F85A8071947F35200664182 /* Visor */ = {
			isa = PBXNativeTarget;
			buildConfigurationList = 2F85A83D1947F35200664182 /* Build configuration list for PBXNativeTarget "Visor" */;
			buildPhases = (
				2F85A8041947F35200664182 /* Sources */,
				2F85A8051947F35200664182 /* Frameworks */,
				2F85A8061947F35200664182 /* Resources */,
			);
			buildRules = (
			);
			dependencies = (
			);
			name = Visor;
			productName = Visor;
			productReference = 2F85A8081947F35200664182 /* Visor.app */;
			productType = "com.apple.product-type.application";
		};
		2F85A82B1947F35200664182 /* VisorTests */ = {
			isa = PBXNativeTarget;
			buildConfigurationList = 2F85A8401947F35200664182 /* Build configuration list for PBXNativeTarget "VisorTests" */;
			buildPhases = (
				2F85A8281947F35200664182 /* Sources */,
				2F85A8291947F35200664182 /* Frameworks */,
				2F85A82A1947F35200664182 /* Resources */,
			);
			buildRules = (
			);
			dependencies = (
				2F85A8321947F35200664182 /* PBXTargetDependency */,
			);
			name = VisorTests;
			productName = VisorTests;
			productReference = 2F85A82C1947F35200664182 /* VisorTests.xctest */;
			productType = "com.apple.product-type.bundle.unit-test";
		};
/* End PBXNativeTarget section */

/* Begin PBXProject section */
		2F85A8001947F35200664182 /* Project object */ = {
			isa = PBXProject;
			attributes = {
				CLASSPREFIX = VSR;
				LastUpgradeCheck = 0510;
				ORGANIZATIONNAME = "Bradley Ringel";
				TargetAttributes = {
					2F85A82B1947F35200664182 = {
						TestTargetID = 2F85A8071947F35200664182;
					};
				};
			};
			buildConfigurationList = 2F85A8031947F35200664182 /* Build configuration list for PBXProject "Visor" */;
			compatibilityVersion = "Xcode 3.2";
			developmentRegion = English;
			hasScannedForEncodings = 0;
			knownRegions = (
				en,
				Base,
			);
			mainGroup = 2F85A7FF1947F35200664182;
			productRefGroup = 2F85A8091947F35200664182 /* Products */;
			projectDirPath = "";
			projectRoot = "";
			targets = (
				2F85A8071947F35200664182 /* Visor */,
				2F85A82B1947F35200664182 /* VisorTests */,
			);
		};
/* End PBXProject section */

/* Begin PBXResourcesBuildPhase section */
		2F85A8061947F35200664182 /* Resources */ = {
			isa = PBXResourcesBuildPhase;
			buildActionMask = 2147483647;
			files = (
				2F85A8221947F35200664182 /* Main_iPad.storyboard in Resources */,
				2F85A8271947F35200664182 /* Images.xcassets in Resources */,
				2F85A81F1947F35200664182 /* Main_iPhone.storyboard in Resources */,
				2F85A8161947F35200664182 /* InfoPlist.strings in Resources */,
			);
			runOnlyForDeploymentPostprocessing = 0;
		};
		2F85A82A1947F35200664182 /* Resources */ = {
			isa = PBXResourcesBuildPhase;
			buildActionMask = 2147483647;
			files = (
				2F85A8381947F35200664182 /* InfoPlist.strings in Resources */,
			);
			runOnlyForDeploymentPostprocessing = 0;
		};
/* End PBXResourcesBuildPhase section */

/* Begin PBXSourcesBuildPhase section */
		2F85A8041947F35200664182 /* Sources */ = {
			isa = PBXSourcesBuildPhase;
			buildActionMask = 2147483647;
			files = (
				2F85A81C1947F35200664182 /* VSRAppDelegate.m in Sources */,
				2F85A8181947F35200664182 /* main.m in Sources */,
				2F85A8251947F35200664182 /* VSRViewController.m in Sources */,
			);
			runOnlyForDeploymentPostprocessing = 0;
		};
		2F85A8281947F35200664182 /* Sources */ = {
			isa = PBXSourcesBuildPhase;
			buildActionMask = 2147483647;
			files = (
				2F85A83A1947F35200664182 /* VisorTests.m in Sources */,
			);
			runOnlyForDeploymentPostprocessing = 0;
		};
/* End PBXSourcesBuildPhase section */

/* Begin PBXTargetDependency section */
		2F85A8321947F35200664182 /* PBXTargetDependency */ = {
			isa = PBXTargetDependency;
			target = 2F85A8071947F35200664182 /* Visor */;
			targetProxy = 2F85A8311947F35200664182 /* PBXContainerItemProxy */;
		};
/* End PBXTargetDependency section */

/* Begin PBXVariantGroup section */
		2F85A8141947F35200664182 /* InfoPlist.strings */ = {
			isa = PBXVariantGroup;
			children = (
				2F85A8151947F35200664182 /* en */,
			);
			name = InfoPlist.strings;
			sourceTree = "<group>";
		};
		2F85A81D1947F35200664182 /* Main_iPhone.storyboard */ = {
			isa = PBXVariantGroup;
			children = (
				2F85A81E1947F35200664182 /* Base */,
			);
			name = Main_iPhone.storyboard;
			sourceTree = "<group>";
		};
		2F85A8201947F35200664182 /* Main_iPad.storyboard */ = {
			isa = PBXVariantGroup;
			children = (
				2F85A8211947F35200664182 /* Base */,
			);
			name = Main_iPad.storyboard;
			sourceTree = "<group>";
		};
		2F85A8361947F35200664182 /* InfoPlist.strings */ = {
			isa = PBXVariantGroup;
			children = (
				2F85A8371947F35200664182 /* en */,
			);
			name = InfoPlist.strings;
			sourceTree = "<group>";
		};
/* End PBXVariantGroup section */

/* Begin XCBuildConfiguration section */
		2F85A83B1947F35200664182 /* Debug */ = {
			isa = XCBuildConfiguration;
			buildSettings = {
				ALWAYS_SEARCH_USER_PATHS = NO;
				CLANG_CXX_LANGUAGE_STANDARD = "gnu++0x";
				CLANG_CXX_LIBRARY = "libc++";
				CLANG_ENABLE_MODULES = YES;
				CLANG_ENABLE_OBJC_ARC = YES;
				CLANG_WARN_BOOL_CONVERSION = YES;
				CLANG_WARN_CONSTANT_CONVERSION = YES;
				CLANG_WARN_DIRECT_OBJC_ISA_USAGE = YES_ERROR;
				CLANG_WARN_EMPTY_BODY = YES;
				CLANG_WARN_ENUM_CONVERSION = YES;
				CLANG_WARN_INT_CONVERSION = YES;
				CLANG_WARN_OBJC_ROOT_CLASS = YES_ERROR;
				CLANG_WARN__DUPLICATE_METHOD_MATCH = YES;
				"CODE_SIGN_IDENTITY[sdk=iphoneos*]" = "iPhone Developer";
				COPY_PHASE_STRIP = NO;
				GCC_C_LANGUAGE_STANDARD = gnu99;
				GCC_DYNAMIC_NO_PIC = NO;
				GCC_OPTIMIZATION_LEVEL = 0;
				GCC_PREPROCESSOR_DEFINITIONS = (
					"DEBUG=1",
					"$(inherited)",
				);
				GCC_SYMBOLS_PRIVATE_EXTERN = NO;
				GCC_WARN_64_TO_32_BIT_CONVERSION = YES;
				GCC_WARN_ABOUT_RETURN_TYPE = YES_ERROR;
				GCC_WARN_UNDECLARED_SELECTOR = YES;
				GCC_WARN_UNINITIALIZED_AUTOS = YES_AGGRESSIVE;
				GCC_WARN_UNUSED_FUNCTION = YES;
				GCC_WARN_UNUSED_VARIABLE = YES;
				IPHONEOS_DEPLOYMENT_TARGET = 7.1;
				ONLY_ACTIVE_ARCH = YES;
				SDKROOT = iphoneos;
				TARGETED_DEVICE_FAMILY = "1,2";
			};
			name = Debug;
		};
		2F85A83C1947F35200664182 /* Release */ = {
			isa = XCBuildConfiguration;
			buildSettings = {
				ALWAYS_SEARCH_USER_PATHS = NO;
				CLANG_CXX_LANGUAGE_STANDARD = "gnu++0x";
				CLANG_CXX_LIBRARY = "libc++";
				CLANG_ENABLE_MODULES = YES;
				CLANG_ENABLE_OBJC_ARC = YES;
				CLANG_WARN_BOOL_CONVERSION = YES;
				CLANG_WARN_CONSTANT_CONVERSION = YES;
				CLANG_WARN_DIRECT_OBJC_ISA_USAGE = YES_ERROR;
				CLANG_WARN_EMPTY_BODY = YES;
				CLANG_WARN_ENUM_CONVERSION = YES;
				CLANG_WARN_INT_CONVERSION = YES;
				CLANG_WARN_OBJC_ROOT_CLASS = YES_ERROR;
				CLANG_WARN__DUPLICATE_METHOD_MATCH = YES;
				"CODE_SIGN_IDENTITY[sdk=iphoneos*]" = "iPhone Developer";
				COPY_PHASE_STRIP = YES;
				ENABLE_NS_ASSERTIONS = NO;
				GCC_C_LANGUAGE_STANDARD = gnu99;
				GCC_WARN_64_TO_32_BIT_CONVERSION = YES;
				GCC_WARN_ABOUT_RETURN_TYPE = YES_ERROR;
				GCC_WARN_UNDECLARED_SELECTOR = YES;
				GCC_WARN_UNINITIALIZED_AUTOS = YES_AGGRESSIVE;
				GCC_WARN_UNUSED_FUNCTION = YES;
				GCC_WARN_UNUSED_VARIABLE = YES;
				IPHONEOS_DEPLOYMENT_TARGET = 7.1;
				SDKROOT = iphoneos;
				TARGETED_DEVICE_FAMILY = "1,2";
				VALIDATE_PRODUCT = YES;
			};
			name = Release;
		};
		2F85A83E1947F35200664182 /* Debug */ = {
			isa = XCBuildConfiguration;
			buildSettings = {
				ASSETCATALOG_COMPILER_APPICON_NAME = AppIcon;
				ASSETCATALOG_COMPILER_LAUNCHIMAGE_NAME = LaunchImage;
				GCC_PRECOMPILE_PREFIX_HEADER = YES;
				GCC_PREFIX_HEADER = "Visor/Visor-Prefix.pch";
				INFOPLIST_FILE = "Visor/Visor-Info.plist";
				PRODUCT_NAME = "$(TARGET_NAME)";
				WRAPPER_EXTENSION = app;
			};
			name = Debug;
		};
		2F85A83F1947F35200664182 /* Release */ = {
			isa = XCBuildConfiguration;
			buildSettings = {
				ASSETCATALOG_COMPILER_APPICON_NAME = AppIcon;
				ASSETCATALOG_COMPILER_LAUNCHIMAGE_NAME = LaunchImage;
				GCC_PRECOMPILE_PREFIX_HEADER = YES;
				GCC_PREFIX_HEADER = "Visor/Visor-Prefix.pch";
				INFOPLIST_FILE = "Visor/Visor-Info.plist";
				PRODUCT_NAME = "$(TARGET_NAME)";
				WRAPPER_EXTENSION = app;
			};
			name = Release;
		};
		2F85A8411947F35200664182 /* Debug */ = {
			isa = XCBuildConfiguration;
			buildSettings = {
				BUNDLE_LOADER = "$(BUILT_PRODUCTS_DIR)/Visor.app/Visor";
				FRAMEWORK_SEARCH_PATHS = (
					"$(SDKROOT)/Developer/Library/Frameworks",
					"$(inherited)",
					"$(DEVELOPER_FRAMEWORKS_DIR)",
				);
				GCC_PRECOMPILE_PREFIX_HEADER = YES;
				GCC_PREFIX_HEADER = "Visor/Visor-Prefix.pch";
				GCC_PREPROCESSOR_DEFINITIONS = (
					"DEBUG=1",
					"$(inherited)",
				);
				INFOPLIST_FILE = "VisorTests/VisorTests-Info.plist";
				PRODUCT_NAME = "$(TARGET_NAME)";
				TEST_HOST = "$(BUNDLE_LOADER)";
				WRAPPER_EXTENSION = xctest;
			};
			name = Debug;
		};
		2F85A8421947F35200664182 /* Release */ = {
			isa = XCBuildConfiguration;
			buildSettings = {
				BUNDLE_LOADER = "$(BUILT_PRODUCTS_DIR)/Visor.app/Visor";
				FRAMEWORK_SEARCH_PATHS = (
					"$(SDKROOT)/Developer/Library/Frameworks",
					"$(inherited)",
					"$(DEVELOPER_FRAMEWORKS_DIR)",
				);
				GCC_PRECOMPILE_PREFIX_HEADER = YES;
				GCC_PREFIX_HEADER = "Visor/Visor-Prefix.pch";
				INFOPLIST_FILE = "VisorTests/VisorTests-Info.plist";
				PRODUCT_NAME = "$(TARGET_NAME)";
				TEST_HOST = "$(BUNDLE_LOADER)";
				WRAPPER_EXTENSION = xctest;
			};
			name = Release;
		};
/* End XCBuildConfiguration section */

/* Begin XCConfigurationList section */
		2F85A8031947F35200664182 /* Build configuration list for PBXProject "Visor" */ = {
			isa = XCConfigurationList;
			buildConfigurations = (
				2F85A83B1947F35200664182 /* Debug */,
				2F85A83C1947F35200664182 /* Release */,
			);
			defaultConfigurationIsVisible = 0;
			defaultConfigurationName = Release;
		};
		2F85A83D1947F35200664182 /* Build configuration list for PBXNativeTarget "Visor" */ = {
			isa = XCConfigurationList;
			buildConfigurations = (
				2F85A83E1947F35200664182 /* Debug */,
				2F85A83F1947F35200664182 /* Release */,
			);
			defaultConfigurationIsVisible = 0;
		};
		2F85A8401947F35200664182 /* Build configuration list for PBXNativeTarget "VisorTests" */ = {
			isa = XCConfigurationList;
			buildConfigurations = (
				2F85A8411947F35200664182 /* Debug */,
				2F85A8421947F35200664182 /* Release */,
			);
			defaultConfigurationIsVisible = 0;
		};
/* End XCConfigurationList section */
	};
	rootObject = 2F85A8001947F35200664182 /* Project object */;
}
